
Microsoft Visual Studio Solution File, Format Version 12.00
# Visual Studio 2013
VisualStudioVersion = 12.0.21005.1
MinimumVisualStudioVersion = 10.0.40219.1
Project("{FAE04EC0-301F-11D3-BF4B-00C04F79EFBC}") = "1. Exchange If Greater", "1. Exchange If Greater\1. Exchange If Greater.csproj", "{4ACB6A17-EC9F-47F8-8BF4-91B05ED6EF3E}"
EndProject
Project("{FAE04EC0-301F-11D3-BF4B-00C04F79EFBC}") = "2. Bonus Score", "2. Bonus Score\2. Bonus Score.csproj", "{BC8E21E4-D3FC-499B-9EE6-A480AC2A84A6}"
EndProject
Project("{FAE04EC0-301F-11D3-BF4B-00C04F79EFBC}") = "3. Check for a Play Card", "3. Check for a Play Card\3. Check for a Play Card.csproj", "{88C89477-707A-49D9-88E0-45DC12CBCC55}"
EndProject
Project("{FAE04EC0-301F-11D3-BF4B-00C04F79EFBC}") = "4. Multiplication Sign", "4. Multiplication Sign\4. Multiplication Sign.csproj", "{1EED747A-C0E5-42D6-9E50-018153E64BC7}"
EndProject
Project("{FAE04EC0-301F-11D3-BF4B-00C04F79EFBC}") = "5. The Biggest of 3 Numbers", "5. The Biggest of 3 Numbers\5. The Biggest of 3 Numbers.csproj", "{A23FCF07-3C98-445E-B296-71145E66566F}"
EndProject
Project("{FAE04EC0-301F-11D3-BF4B-00C04F79EFBC}") = "6. The Biggest of Five Numbers", "6. The Biggest of Five Numbers\6. The Biggest of Five Numbers.csproj", "{154697E5-7869-40A6-B771-9F1FEEF2FFB2}"
EndProject
Project("{FAE04EC0-301F-11D3-BF4B-00C04F79EFBC}") = "7. Sort 3 Numbers with Nested Ifs", "7. Sort 3 Numbers with Nested Ifs\7. Sort 3 Numbers with Nested Ifs.csproj", "{DF9765FB-1768-4D38-A935-CB0BD5CA70E2}"
EndProject
Project("{FAE04EC0-301F-11D3-BF4B-00C04F79EFBC}") = "8. Digit as Word", "8. Digit as Word\8. Digit as Word.csproj", "{5BD23EC0-3AC6-4C00-A6CE-1DB5036AD428}"
EndProject
Project("{FAE04EC0-301F-11D3-BF4B-00C04F79EFBC}") = "9. Play with Int, Double and String", "9. Play with Int, Double and String\9. Play with Int, Double and String.csproj", "{02891FE0-B17C-4751-8FE0-941E94FE9136}"
EndProject
Project("{FAE04EC0-301F-11D3-BF4B-00C04F79EFBC}") = "10. Beer Time", "10. Beer Time\10. Beer Time.csproj", "{FE6930DE-AB62-464C-95E5-A08328D770AC}"
EndProject
Project("{FAE04EC0-301F-11D3-BF4B-00C04F79EFBC}") = "11. Number as Words", "11. Number as Words\11. Number as Words.csproj", "{64BAFF35-D9D3-4406-8457-924656B46884}"
EndProject
Project("{FAE04EC0-301F-11D3-BF4B-00C04F79EFBC}") = "12. Zero Subset", "12. Zero Subset\12. Zero Subset.csproj", "{BC718B2B-5307-40DD-A666-913C20D44483}"
EndProject
Global
	GlobalSection(SolutionConfigurationPlatforms) = preSolution
		Debug|Any CPU = Debug|Any CPU
		Release|Any CPU = Release|Any CPU
	EndGlobalSection
	GlobalSection(ProjectConfigurationPlatforms) = postSolution
		{4ACB6A17-EC9F-47F8-8BF4-91B05ED6EF3E}.Debug|Any CPU.ActiveCfg = Debug|Any CPU
		{4ACB6A17-EC9F-47F8-8BF4-91B05ED6EF3E}.Debug|Any CPU.Build.0 = Debug|Any CPU
		{4ACB6A17-EC9F-47F8-8BF4-91B05ED6EF3E}.Release|Any CPU.ActiveCfg = Release|Any CPU
		{4ACB6A17-EC9F-47F8-8BF4-91B05ED6EF3E}.Release|Any CPU.Build.0 = Release|Any CPU
		{BC8E21E4-D3FC-499B-9EE6-A480AC2A84A6}.Debug|Any CPU.ActiveCfg = Debug|Any CPU
		{BC8E21E4-D3FC-499B-9EE6-A480AC2A84A6}.Debug|Any CPU.Build.0 = Debug|Any CPU
		{BC8E21E4-D3FC-499B-9EE6-A480AC2A84A6}.Release|Any CPU.ActiveCfg = Release|Any CPU
		{BC8E21E4-D3FC-499B-9EE6-A480AC2A84A6}.Release|Any CPU.Build.0 = Release|Any CPU
		{88C89477-707A-49D9-88E0-45DC12CBCC55}.Debug|Any CPU.ActiveCfg = Debug|Any CPU
		{88C89477-707A-49D9-88E0-45DC12CBCC55}.Debug|Any CPU.Build.0 = Debug|Any CPU
		{88C89477-707A-49D9-88E0-45DC12CBCC55}.Release|Any CPU.ActiveCfg = Release|Any CPU
		{88C89477-707A-49D9-88E0-45DC12CBCC55}.Release|Any CPU.Build.0 = Release|Any CPU
		{1EED747A-C0E5-42D6-9E50-018153E64BC7}.Debug|Any CPU.ActiveCfg = Debug|Any CPU
		{1EED747A-C0E5-42D6-9E50-018153E64BC7}.Debug|Any CPU.Build.0 = Debug|Any CPU
		{1EED747A-C0E5-42D6-9E50-018153E64BC7}.Release|Any CPU.ActiveCfg = Release|Any CPU
		{1EED747A-C0E5-42D6-9E50-018153E64BC7}.Release|Any CPU.Build.0 = Release|Any CPU
		{A23FCF07-3C98-445E-B296-71145E66566F}.Debug|Any CPU.ActiveCfg = Debug|Any CPU
		{A23FCF07-3C98-445E-B296-71145E66566F}.Debug|Any CPU.Build.0 = Debug|Any CPU
		{A23FCF07-3C98-445E-B296-71145E66566F}.Release|Any CPU.ActiveCfg = Release|Any CPU
		{A23FCF07-3C98-445E-B296-71145E66566F}.Release|Any CPU.Build.0 = Release|Any CPU
		{154697E5-7869-40A6-B771-9F1FEEF2FFB2}.Debug|Any CPU.ActiveCfg = Debug|Any CPU
		{154697E5-7869-40A6-B771-9F1FEEF2FFB2}.Debug|Any CPU.Build.0 = Debug|Any CPU
		{154697E5-7869-40A6-B771-9F1FEEF2FFB2}.Release|Any CPU.ActiveCfg = Release|Any CPU
		{154697E5-7869-40A6-B771-9F1FEEF2FFB2}.Release|Any CPU.Build.0 = Release|Any CPU
		{DF9765FB-1768-4D38-A935-CB0BD5CA70E2}.Debug|Any CPU.ActiveCfg = Debug|Any CPU
		{DF9765FB-1768-4D38-A935-CB0BD5CA70E2}.Debug|Any CPU.Build.0 = Debug|Any CPU
		{DF9765FB-1768-4D38-A935-CB0BD5CA70E2}.Release|Any CPU.ActiveCfg = Release|Any CPU
		{DF9765FB-1768-4D38-A935-CB0BD5CA70E2}.Release|Any CPU.Build.0 = Release|Any CPU
		{5BD23EC0-3AC6-4C00-A6CE-1DB5036AD428}.Debug|Any CPU.ActiveCfg = Debug|Any CPU
		{5BD23EC0-3AC6-4C00-A6CE-1DB5036AD428}.Debug|Any CPU.Build.0 = Debug|Any CPU
		{5BD23EC0-3AC6-4C00-A6CE-1DB5036AD428}.Release|Any CPU.ActiveCfg = Release|Any CPU
		{5BD23EC0-3AC6-4C00-A6CE-1DB5036AD428}.Release|Any CPU.Build.0 = Release|Any CPU
		{02891FE0-B17C-4751-8FE0-941E94FE9136}.Debug|Any CPU.ActiveCfg = Debug|Any CPU
		{02891FE0-B17C-4751-8FE0-941E94FE9136}.Debug|Any CPU.Build.0 = Debug|Any CPU
		{02891FE0-B17C-4751-8FE0-941E94FE9136}.Release|Any CPU.ActiveCfg = Release|Any CPU
		{02891FE0-B17C-4751-8FE0-941E94FE9136}.Release|Any CPU.Build.0 = Release|Any CPU
		{FE6930DE-AB62-464C-95E5-A08328D770AC}.Debug|Any CPU.ActiveCfg = Debug|Any CPU
		{FE6930DE-AB62-464C-95E5-A08328D770AC}.Debug|Any CPU.Build.0 = Debug|Any CPU
		{FE6930DE-AB62-464C-95E5-A08328D770AC}.Release|Any CPU.ActiveCfg = Release|Any CPU
		{FE6930DE-AB62-464C-95E5-A08328D770AC}.Release|Any CPU.Build.0 = Release|Any CPU
		{64BAFF35-D9D3-4406-8457-924656B46884}.Debug|Any CPU.ActiveCfg = Debug|Any CPU
		{64BAFF35-D9D3-4406-8457-924656B46884}.Debug|Any CPU.Build.0 = Debug|Any CPU
		{64BAFF35-D9D3-4406-8457-924656B46884}.Release|Any CPU.ActiveCfg = Release|Any CPU
		{64BAFF35-D9D3-4406-8457-924656B46884}.Release|Any CPU.Build.0 = Release|Any CPU
		{BC718B2B-5307-40DD-A666-913C20D44483}.Debug|Any CPU.ActiveCfg = Debug|Any CPU
		{BC718B2B-5307-40DD-A666-913C20D44483}.Debug|Any CPU.Build.0 = Debug|Any CPU
		{BC718B2B-5307-40DD-A666-913C20D44483}.Release|Any CPU.ActiveCfg = Release|Any CPU
		{BC718B2B-5307-40DD-A666-913C20D44483}.Release|Any CPU.Build.0 = Release|Any CPU
	EndGlobalSection
	GlobalSection(SolutionProperties) = preSolution
		HideSolutionNode = FALSE
	EndGlobalSection
EndGlobal
